
Microsoft Visual Studio Solution File, Format Version 12.00
# Visual Studio Version 16
VisualStudioVersion = 16.0.30907.101
MinimumVisualStudioVersion = 10.0.40219.1
Project("{9A19103F-16F7-4668-BE54-9A1E7A4F7556}") = "HmacSignature", "HmacSignature\HmacSignature.csproj", "{BD7BBB18-5E1F-454E-8471-705D4E654771}"
EndProject
Project("{9A19103F-16F7-4668-BE54-9A1E7A4F7556}") = "HmacSignatureTests", "HmacSignatureTests\HmacSignatureTests.csproj", "{4B5F40D1-4277-46DF-85EE-6DC504D99F39}"
EndProject
Project("{2150E333-8FDC-42A3-9474-1A3956D46DE8}") = "Solution Files", "Solution Files", "{99CCA840-1617-43FF-82A9-CA4C230A7269}"
	ProjectSection(SolutionItems) = preProject
		README.md = README.md
	EndProjectSection
EndProject
Global
	GlobalSection(SolutionConfigurationPlatforms) = preSolution
		Debug|Any CPU = Debug|Any CPU
		Release|Any CPU = Release|Any CPU
	EndGlobalSection
	GlobalSection(ProjectConfigurationPlatforms) = postSolution
		{BD7BBB18-5E1F-454E-8471-705D4E654771}.Debug|Any CPU.ActiveCfg = Debug|Any CPU
		{BD7BBB18-5E1F-454E-8471-705D4E654771}.Debug|Any CPU.Build.0 = Debug|Any CPU
		{BD7BBB18-5E1F-454E-8471-705D4E654771}.Release|Any CPU.ActiveCfg = Release|Any CPU
		{BD7BBB18-5E1F-454E-8471-705D4E654771}.Release|Any CPU.Build.0 = Release|Any CPU
		{4B5F40D1-4277-46DF-85EE-6DC504D99F39}.Debug|Any CPU.ActiveCfg = Debug|Any CPU
		{4B5F40D1-4277-46DF-85EE-6DC504D99F39}.Debug|Any CPU.Build.0 = Debug|Any CPU
		{4B5F40D1-4277-46DF-85EE-6DC504D99F39}.Release|Any CPU.ActiveCfg = Release|Any CPU
		{4B5F40D1-4277-46DF-85EE-6DC504D99F39}.Release|Any CPU.Build.0 = Release|Any CPU
	EndGlobalSection
	GlobalSection(SolutionProperties) = preSolution
		HideSolutionNode = FALSE
	EndGlobalSection
	GlobalSection(ExtensibilityGlobals) = postSolution
		SolutionGuid = {CCC59141-0EE8-42AE-BECF-DF6683B497FA}
	EndGlobalSection
EndGlobal
